
Microsoft Visual Studio Solution File, Format Version 11.00
# Visual Studio 2010
Project("{8BC9CEB8-8B4A-11D0-8D11-00A0C91BC942}") = "Cave_of_Solitude", "Cave_of_Solitude\Cave_of_Solitude.vcxproj", "{261DCFE9-1AE5-452E-9804-B9155E8F9803}"
EndProject
Global
	GlobalSection(SolutionConfigurationPlatforms) = preSolution
		Debug|Win32 = Debug|Win32
		Release|Win32 = Release|Win32
	EndGlobalSection
	GlobalSection(ProjectConfigurationPlatforms) = postSolution
		{261DCFE9-1AE5-452E-9804-B9155E8F9803}.Debug|Win32.ActiveCfg = Debug|Win32
		{261DCFE9-1AE5-452E-9804-B9155E8F9803}.Debug|Win32.Build.0 = Debug|Win32
		{261DCFE9-1AE5-452E-9804-B9155E8F9803}.Release|Win32.ActiveCfg = Release|Win32
		{261DCFE9-1AE5-452E-9804-B9155E8F9803}.Release|Win32.Build.0 = Release|Win32
	EndGlobalSection
	GlobalSection(SolutionProperties) = preSolution
		HideSolutionNode = FALSE
	EndGlobalSection
EndGlobal
